
Microsoft Visual Studio Solution File, Format Version 12.00
# Visual Studio Version 17
VisualStudioVersion = 17.6.33723.286
MinimumVisualStudioVersion = 10.0.40219.1
Project("{FAE04EC0-301F-11D3-BF4B-00C04F79EFBC}") = "shortCutPracice", "shortCutPracice\shortCutPracice.csproj", "{698EDE7C-BC20-4346-A39A-84CEA977CBFF}"
EndProject
Global
	GlobalSection(SolutionConfigurationPlatforms) = preSolution
		Debug|Any CPU = Debug|Any CPU
		Release|Any CPU = Release|Any CPU
	EndGlobalSection
	GlobalSection(ProjectConfigurationPlatforms) = postSolution
		{698EDE7C-BC20-4346-A39A-84CEA977CBFF}.Debug|Any CPU.ActiveCfg = Debug|Any CPU
		{698EDE7C-BC20-4346-A39A-84CEA977CBFF}.Debug|Any CPU.Build.0 = Debug|Any CPU
		{698EDE7C-BC20-4346-A39A-84CEA977CBFF}.Release|Any CPU.ActiveCfg = Release|Any CPU
		{698EDE7C-BC20-4346-A39A-84CEA977CBFF}.Release|Any CPU.Build.0 = Release|Any CPU
	EndGlobalSection
	GlobalSection(SolutionProperties) = preSolution
		HideSolutionNode = FALSE
	EndGlobalSection
	GlobalSection(ExtensibilityGlobals) = postSolution
		SolutionGuid = {56A6950B-D3AA-4B74-9C01-8370BA2C5DA4}
	EndGlobalSection
EndGlobal
