
Microsoft Visual Studio Solution File, Format Version 12.00
# Visual Studio Version 17
VisualStudioVersion = 17.6.33723.286
MinimumVisualStudioVersion = 10.0.40219.1
Project("{FAE04EC0-301F-11D3-BF4B-00C04F79EFBC}") = "solutionForLoopChallenge", "solutionForLoopChallenge\solutionForLoopChallenge.csproj", "{F08A94C6-F85F-49B2-8D1E-742B022F683A}"
EndProject
Global
	GlobalSection(SolutionConfigurationPlatforms) = preSolution
		Debug|Any CPU = Debug|Any CPU
		Release|Any CPU = Release|Any CPU
	EndGlobalSection
	GlobalSection(ProjectConfigurationPlatforms) = postSolution
		{F08A94C6-F85F-49B2-8D1E-742B022F683A}.Debug|Any CPU.ActiveCfg = Debug|Any CPU
		{F08A94C6-F85F-49B2-8D1E-742B022F683A}.Debug|Any CPU.Build.0 = Debug|Any CPU
		{F08A94C6-F85F-49B2-8D1E-742B022F683A}.Release|Any CPU.ActiveCfg = Release|Any CPU
		{F08A94C6-F85F-49B2-8D1E-742B022F683A}.Release|Any CPU.Build.0 = Release|Any CPU
	EndGlobalSection
	GlobalSection(SolutionProperties) = preSolution
		HideSolutionNode = FALSE
	EndGlobalSection
	GlobalSection(ExtensibilityGlobals) = postSolution
		SolutionGuid = {B62ABFFF-E000-4ED7-A507-FA061858B698}
	EndGlobalSection
EndGlobal
