
Microsoft Visual Studio Solution File, Format Version 12.00
# Visual Studio Version 17
VisualStudioVersion = 17.6.33723.286
MinimumVisualStudioVersion = 10.0.40219.1
Project("{FAE04EC0-301F-11D3-BF4B-00C04F79EFBC}") = "projectIfStatements", "projectIfStatements\projectIfStatements.csproj", "{676FD696-4666-4B8B-AC4F-7228F71257F0}"
EndProject
Global
	GlobalSection(SolutionConfigurationPlatforms) = preSolution
		Debug|Any CPU = Debug|Any CPU
		Release|Any CPU = Release|Any CPU
	EndGlobalSection
	GlobalSection(ProjectConfigurationPlatforms) = postSolution
		{676FD696-4666-4B8B-AC4F-7228F71257F0}.Debug|Any CPU.ActiveCfg = Debug|Any CPU
		{676FD696-4666-4B8B-AC4F-7228F71257F0}.Debug|Any CPU.Build.0 = Debug|Any CPU
		{676FD696-4666-4B8B-AC4F-7228F71257F0}.Release|Any CPU.ActiveCfg = Release|Any CPU
		{676FD696-4666-4B8B-AC4F-7228F71257F0}.Release|Any CPU.Build.0 = Release|Any CPU
	EndGlobalSection
	GlobalSection(SolutionProperties) = preSolution
		HideSolutionNode = FALSE
	EndGlobalSection
	GlobalSection(ExtensibilityGlobals) = postSolution
		SolutionGuid = {E59F7454-85F5-4F8C-9944-5DC6C43915A7}
	EndGlobalSection
EndGlobal
