
Microsoft Visual Studio Solution File, Format Version 12.00
# Visual Studio Version 17
VisualStudioVersion = 17.6.33723.286
MinimumVisualStudioVersion = 10.0.40219.1
Project("{FAE04EC0-301F-11D3-BF4B-00C04F79EFBC}") = "nestedIfStatements", "nestedIfStatements\nestedIfStatements.csproj", "{BF5A6747-2D9A-46B4-8B7A-DB21E3ED6E5A}"
EndProject
Global
	GlobalSection(SolutionConfigurationPlatforms) = preSolution
		Debug|Any CPU = Debug|Any CPU
		Release|Any CPU = Release|Any CPU
	EndGlobalSection
	GlobalSection(ProjectConfigurationPlatforms) = postSolution
		{BF5A6747-2D9A-46B4-8B7A-DB21E3ED6E5A}.Debug|Any CPU.ActiveCfg = Debug|Any CPU
		{BF5A6747-2D9A-46B4-8B7A-DB21E3ED6E5A}.Debug|Any CPU.Build.0 = Debug|Any CPU
		{BF5A6747-2D9A-46B4-8B7A-DB21E3ED6E5A}.Release|Any CPU.ActiveCfg = Release|Any CPU
		{BF5A6747-2D9A-46B4-8B7A-DB21E3ED6E5A}.Release|Any CPU.Build.0 = Release|Any CPU
	EndGlobalSection
	GlobalSection(SolutionProperties) = preSolution
		HideSolutionNode = FALSE
	EndGlobalSection
	GlobalSection(ExtensibilityGlobals) = postSolution
		SolutionGuid = {E1C753B5-F5B0-4679-96BD-6692AD6B1215}
	EndGlobalSection
EndGlobal
