
Microsoft Visual Studio Solution File, Format Version 12.00
# Visual Studio Version 17
VisualStudioVersion = 17.6.33723.286
MinimumVisualStudioVersion = 10.0.40219.1
Project("{FAE04EC0-301F-11D3-BF4B-00C04F79EFBC}") = "tryCatchAndFinally", "tryCatchAndFinally\tryCatchAndFinally.csproj", "{9527DF27-BADE-4AA0-9910-D4BF303BD14B}"
EndProject
Global
	GlobalSection(SolutionConfigurationPlatforms) = preSolution
		Debug|Any CPU = Debug|Any CPU
		Release|Any CPU = Release|Any CPU
	EndGlobalSection
	GlobalSection(ProjectConfigurationPlatforms) = postSolution
		{9527DF27-BADE-4AA0-9910-D4BF303BD14B}.Debug|Any CPU.ActiveCfg = Debug|Any CPU
		{9527DF27-BADE-4AA0-9910-D4BF303BD14B}.Debug|Any CPU.Build.0 = Debug|Any CPU
		{9527DF27-BADE-4AA0-9910-D4BF303BD14B}.Release|Any CPU.ActiveCfg = Release|Any CPU
		{9527DF27-BADE-4AA0-9910-D4BF303BD14B}.Release|Any CPU.Build.0 = Release|Any CPU
	EndGlobalSection
	GlobalSection(SolutionProperties) = preSolution
		HideSolutionNode = FALSE
	EndGlobalSection
	GlobalSection(ExtensibilityGlobals) = postSolution
		SolutionGuid = {D9AB913E-D151-4BC6-86FE-30059EE8EC50}
	EndGlobalSection
EndGlobal
